<?xml version="1.0" encoding="utf-8"?>
<Project ToolsVersion="4.0" xmlns="http://schemas.microsoft.com/developer/msbuild/2003">
  <ItemGroup>
    <Filter Include="Source Files">
      <UniqueIdentifier>{4FC737F1-C7A5-4376-A066-2A32D752A2FF}</UniqueIdentifier>
      <Extensions>cpp;c;cc;cxx;def;odl;idl;hpj;bat;asm;asmx</Extensions>
    </Filter>
    <Filter Include="Header Files">
      <UniqueIdentifier>{93995380-89BD-4b04-88EB-625FBE52EBFB}</UniqueIdentifier>
      <Extensions>h;hh;hpp;hxx;hm;inl;inc;xsd</Extensions>
    </Filter>
    <Filter Include="Resource Files">
      <UniqueIdentifier>{67DA6AB6-F800-4c08-8B7A-83BB121AAD01}</UniqueIdentifier>
      <Extensions>rc;ico;cur;bmp;dlg;rc2;rct;bin;rgs;gif;jpg;jpeg;jpe;resx;tiff;tif;png;wav;mfcribbon-ms</Extensions>
    </Filter>
  </ItemGroup>
  <ItemGroup>
    <ClCompile Include="二维数组中查找.cpp">
      <Filter>Source Files</Filter>
    </ClCompile>
    <ClCompile Include="替换空格.cpp">
      <Filter>Source Files</Filter>
    </ClCompile>
    <ClCompile Include="理解字符串.cpp">
      <Filter>Source Files</Filter>
    </ClCompile>
    <ClCompile Include="从尾到头打印链表.cpp">
      <Filter>Source Files</Filter>
    </ClCompile>
    <ClCompile Include="重建二叉树.cpp">
      <Filter>Source Files</Filter>
    </ClCompile>
    <ClCompile Include="用两个栈实现队列.cpp">
      <Filter>Source Files</Filter>
    </ClCompile>
    <ClCompile Include="旋转数组的最小数字.cpp">
      <Filter>Source Files</Filter>
    </ClCompile>
    <ClCompile Include="数值的整数次方.cpp">
      <Filter>Source Files</Filter>
    </ClCompile>
    <ClCompile Include="分解整数.cpp">
      <Filter>Source Files</Filter>
    </ClCompile>
    <ClCompile Include="回文串.cpp">
      <Filter>Source Files</Filter>
    </ClCompile>
    <ClCompile Include="调整数组顺序使奇数位于偶数前面.cpp">
      <Filter>Source Files</Filter>
    </ClCompile>
    <ClCompile Include="反转链表.cpp">
      <Filter>Source Files</Filter>
    </ClCompile>
    <ClCompile Include="链表中倒数第k个结点.cpp">
      <Filter>Source Files</Filter>
    </ClCompile>
    <ClCompile Include="合并两个排序的链表.cpp">
      <Filter>Source Files</Filter>
    </ClCompile>
  </ItemGroup>
</Project>