
Microsoft Visual Studio Solution File, Format Version 12.00
# Visual Studio 15
VisualStudioVersion = 15.0.26430.16
MinimumVisualStudioVersion = 10.0.40219.1
Project("{8BC9CEB8-8B4A-11D0-8D11-00A0C91BC942}") = "LeetCode", "LeetCode\LeetCode.vcxproj", "{C98E2CFF-07BE-40C7-85D6-634FBBB430B7}"
EndProject
Project("{8BC9CEB8-8B4A-11D0-8D11-00A0C91BC942}") = "剑指offer", "剑指offer\剑指offer.vcxproj", "{D8B1A9F2-7404-4AAD-9A4C-FD28C47D7E6C}"
EndProject
Project("{8BC9CEB8-8B4A-11D0-8D11-00A0C91BC942}") = "数据结构", "数据结构\数据结构.vcxproj", "{1CF3FF26-AF61-446D-B9FF-1DF4FB3CE6D6}"
EndProject
Project("{8BC9CEB8-8B4A-11D0-8D11-00A0C91BC942}") = "微众银行", "微众银行\微众银行.vcxproj", "{E28D5396-A3A2-4D08-9C3B-0465C51257F9}"
EndProject
Project("{8BC9CEB8-8B4A-11D0-8D11-00A0C91BC942}") = "爱奇艺Python", "爱奇艺Python\爱奇艺Python.vcxproj", "{6C4D3208-BB78-4E87-A0F9-88C67A961291}"
EndProject
Project("{8BC9CEB8-8B4A-11D0-8D11-00A0C91BC942}") = "美图笔试", "美图笔试\美图笔试.vcxproj", "{05A2C1FC-2087-46AC-8D32-7BE18E482549}"
EndProject
Project("{8BC9CEB8-8B4A-11D0-8D11-00A0C91BC942}") = "阿里巴巴", "阿里巴巴\阿里巴巴.vcxproj", "{95F7F010-33EF-4FE8-A98D-42667B10B113}"
EndProject
Project("{8BC9CEB8-8B4A-11D0-8D11-00A0C91BC942}") = "云脑科技", "云脑科技\云脑科技.vcxproj", "{D25FF062-2266-41CC-AA02-0376C9BFAEFB}"
EndProject
Project("{8BC9CEB8-8B4A-11D0-8D11-00A0C91BC942}") = "Bytedance AI Camp", "Bytedance AI Camp\Bytedance AI Camp.vcxproj", "{3F7C04D3-73AE-4A21-907D-3729F8E8D97B}"
EndProject
Project("{8BC9CEB8-8B4A-11D0-8D11-00A0C91BC942}") = "牛客网", "牛客网\牛客网.vcxproj", "{01DDE0DE-F152-4D6C-A4D6-BA0BB0610F01}"
EndProject
Project("{8BC9CEB8-8B4A-11D0-8D11-00A0C91BC942}") = "西洋汇", "西洋汇\西洋汇.vcxproj", "{33572CD5-3EB5-423A-BCFE-ED9F1A1E854D}"
EndProject
Global
	GlobalSection(SolutionConfigurationPlatforms) = preSolution
		Debug|x64 = Debug|x64
		Debug|x86 = Debug|x86
		Release|x64 = Release|x64
		Release|x86 = Release|x86
	EndGlobalSection
	GlobalSection(ProjectConfigurationPlatforms) = postSolution
		{C98E2CFF-07BE-40C7-85D6-634FBBB430B7}.Debug|x64.ActiveCfg = Debug|x64
		{C98E2CFF-07BE-40C7-85D6-634FBBB430B7}.Debug|x64.Build.0 = Debug|x64
		{C98E2CFF-07BE-40C7-85D6-634FBBB430B7}.Debug|x86.ActiveCfg = Debug|Win32
		{C98E2CFF-07BE-40C7-85D6-634FBBB430B7}.Debug|x86.Build.0 = Debug|Win32
		{C98E2CFF-07BE-40C7-85D6-634FBBB430B7}.Release|x64.ActiveCfg = Release|x64
		{C98E2CFF-07BE-40C7-85D6-634FBBB430B7}.Release|x64.Build.0 = Release|x64
		{C98E2CFF-07BE-40C7-85D6-634FBBB430B7}.Release|x86.ActiveCfg = Release|Win32
		{C98E2CFF-07BE-40C7-85D6-634FBBB430B7}.Release|x86.Build.0 = Release|Win32
		{D8B1A9F2-7404-4AAD-9A4C-FD28C47D7E6C}.Debug|x64.ActiveCfg = Debug|x64
		{D8B1A9F2-7404-4AAD-9A4C-FD28C47D7E6C}.Debug|x64.Build.0 = Debug|x64
		{D8B1A9F2-7404-4AAD-9A4C-FD28C47D7E6C}.Debug|x86.ActiveCfg = Debug|Win32
		{D8B1A9F2-7404-4AAD-9A4C-FD28C47D7E6C}.Debug|x86.Build.0 = Debug|Win32
		{D8B1A9F2-7404-4AAD-9A4C-FD28C47D7E6C}.Release|x64.ActiveCfg = Release|x64
		{D8B1A9F2-7404-4AAD-9A4C-FD28C47D7E6C}.Release|x64.Build.0 = Release|x64
		{D8B1A9F2-7404-4AAD-9A4C-FD28C47D7E6C}.Release|x86.ActiveCfg = Release|Win32
		{D8B1A9F2-7404-4AAD-9A4C-FD28C47D7E6C}.Release|x86.Build.0 = Release|Win32
		{1CF3FF26-AF61-446D-B9FF-1DF4FB3CE6D6}.Debug|x64.ActiveCfg = Debug|x64
		{1CF3FF26-AF61-446D-B9FF-1DF4FB3CE6D6}.Debug|x64.Build.0 = Debug|x64
		{1CF3FF26-AF61-446D-B9FF-1DF4FB3CE6D6}.Debug|x86.ActiveCfg = Debug|Win32
		{1CF3FF26-AF61-446D-B9FF-1DF4FB3CE6D6}.Debug|x86.Build.0 = Debug|Win32
		{1CF3FF26-AF61-446D-B9FF-1DF4FB3CE6D6}.Release|x64.ActiveCfg = Release|x64
		{1CF3FF26-AF61-446D-B9FF-1DF4FB3CE6D6}.Release|x64.Build.0 = Release|x64
		{1CF3FF26-AF61-446D-B9FF-1DF4FB3CE6D6}.Release|x86.ActiveCfg = Release|Win32
		{1CF3FF26-AF61-446D-B9FF-1DF4FB3CE6D6}.Release|x86.Build.0 = Release|Win32
		{E28D5396-A3A2-4D08-9C3B-0465C51257F9}.Debug|x64.ActiveCfg = Debug|x64
		{E28D5396-A3A2-4D08-9C3B-0465C51257F9}.Debug|x64.Build.0 = Debug|x64
		{E28D5396-A3A2-4D08-9C3B-0465C51257F9}.Debug|x86.ActiveCfg = Debug|Win32
		{E28D5396-A3A2-4D08-9C3B-0465C51257F9}.Debug|x86.Build.0 = Debug|Win32
		{E28D5396-A3A2-4D08-9C3B-0465C51257F9}.Release|x64.ActiveCfg = Release|x64
		{E28D5396-A3A2-4D08-9C3B-0465C51257F9}.Release|x64.Build.0 = Release|x64
		{E28D5396-A3A2-4D08-9C3B-0465C51257F9}.Release|x86.ActiveCfg = Release|Win32
		{E28D5396-A3A2-4D08-9C3B-0465C51257F9}.Release|x86.Build.0 = Release|Win32
		{6C4D3208-BB78-4E87-A0F9-88C67A961291}.Debug|x64.ActiveCfg = Debug|x64
		{6C4D3208-BB78-4E87-A0F9-88C67A961291}.Debug|x64.Build.0 = Debug|x64
		{6C4D3208-BB78-4E87-A0F9-88C67A961291}.Debug|x86.ActiveCfg = Debug|Win32
		{6C4D3208-BB78-4E87-A0F9-88C67A961291}.Debug|x86.Build.0 = Debug|Win32
		{6C4D3208-BB78-4E87-A0F9-88C67A961291}.Release|x64.ActiveCfg = Release|x64
		{6C4D3208-BB78-4E87-A0F9-88C67A961291}.Release|x64.Build.0 = Release|x64
		{6C4D3208-BB78-4E87-A0F9-88C67A961291}.Release|x86.ActiveCfg = Release|Win32
		{6C4D3208-BB78-4E87-A0F9-88C67A961291}.Release|x86.Build.0 = Release|Win32
		{05A2C1FC-2087-46AC-8D32-7BE18E482549}.Debug|x64.ActiveCfg = Debug|x64
		{05A2C1FC-2087-46AC-8D32-7BE18E482549}.Debug|x64.Build.0 = Debug|x64
		{05A2C1FC-2087-46AC-8D32-7BE18E482549}.Debug|x86.ActiveCfg = Debug|Win32
		{05A2C1FC-2087-46AC-8D32-7BE18E482549}.Debug|x86.Build.0 = Debug|Win32
		{05A2C1FC-2087-46AC-8D32-7BE18E482549}.Release|x64.ActiveCfg = Release|x64
		{05A2C1FC-2087-46AC-8D32-7BE18E482549}.Release|x64.Build.0 = Release|x64
		{05A2C1FC-2087-46AC-8D32-7BE18E482549}.Release|x86.ActiveCfg = Release|Win32
		{05A2C1FC-2087-46AC-8D32-7BE18E482549}.Release|x86.Build.0 = Release|Win32
		{95F7F010-33EF-4FE8-A98D-42667B10B113}.Debug|x64.ActiveCfg = Debug|x64
		{95F7F010-33EF-4FE8-A98D-42667B10B113}.Debug|x64.Build.0 = Debug|x64
		{95F7F010-33EF-4FE8-A98D-42667B10B113}.Debug|x86.ActiveCfg = Debug|Win32
		{95F7F010-33EF-4FE8-A98D-42667B10B113}.Debug|x86.Build.0 = Debug|Win32
		{95F7F010-33EF-4FE8-A98D-42667B10B113}.Release|x64.ActiveCfg = Release|x64
		{95F7F010-33EF-4FE8-A98D-42667B10B113}.Release|x64.Build.0 = Release|x64
		{95F7F010-33EF-4FE8-A98D-42667B10B113}.Release|x86.ActiveCfg = Release|Win32
		{95F7F010-33EF-4FE8-A98D-42667B10B113}.Release|x86.Build.0 = Release|Win32
		{D25FF062-2266-41CC-AA02-0376C9BFAEFB}.Debug|x64.ActiveCfg = Debug|x64
		{D25FF062-2266-41CC-AA02-0376C9BFAEFB}.Debug|x64.Build.0 = Debug|x64
		{D25FF062-2266-41CC-AA02-0376C9BFAEFB}.Debug|x86.ActiveCfg = Debug|Win32
		{D25FF062-2266-41CC-AA02-0376C9BFAEFB}.Debug|x86.Build.0 = Debug|Win32
		{D25FF062-2266-41CC-AA02-0376C9BFAEFB}.Release|x64.ActiveCfg = Release|x64
		{D25FF062-2266-41CC-AA02-0376C9BFAEFB}.Release|x64.Build.0 = Release|x64
		{D25FF062-2266-41CC-AA02-0376C9BFAEFB}.Release|x86.ActiveCfg = Release|Win32
		{D25FF062-2266-41CC-AA02-0376C9BFAEFB}.Release|x86.Build.0 = Release|Win32
		{3F7C04D3-73AE-4A21-907D-3729F8E8D97B}.Debug|x64.ActiveCfg = Debug|x64
		{3F7C04D3-73AE-4A21-907D-3729F8E8D97B}.Debug|x64.Build.0 = Debug|x64
		{3F7C04D3-73AE-4A21-907D-3729F8E8D97B}.Debug|x86.ActiveCfg = Debug|Win32
		{3F7C04D3-73AE-4A21-907D-3729F8E8D97B}.Debug|x86.Build.0 = Debug|Win32
		{3F7C04D3-73AE-4A21-907D-3729F8E8D97B}.Release|x64.ActiveCfg = Release|x64
		{3F7C04D3-73AE-4A21-907D-3729F8E8D97B}.Release|x64.Build.0 = Release|x64
		{3F7C04D3-73AE-4A21-907D-3729F8E8D97B}.Release|x86.ActiveCfg = Release|Win32
		{3F7C04D3-73AE-4A21-907D-3729F8E8D97B}.Release|x86.Build.0 = Release|Win32
		{01DDE0DE-F152-4D6C-A4D6-BA0BB0610F01}.Debug|x64.ActiveCfg = Debug|x64
		{01DDE0DE-F152-4D6C-A4D6-BA0BB0610F01}.Debug|x64.Build.0 = Debug|x64
		{01DDE0DE-F152-4D6C-A4D6-BA0BB0610F01}.Debug|x86.ActiveCfg = Debug|Win32
		{01DDE0DE-F152-4D6C-A4D6-BA0BB0610F01}.Debug|x86.Build.0 = Debug|Win32
		{01DDE0DE-F152-4D6C-A4D6-BA0BB0610F01}.Release|x64.ActiveCfg = Release|x64
		{01DDE0DE-F152-4D6C-A4D6-BA0BB0610F01}.Release|x64.Build.0 = Release|x64
		{01DDE0DE-F152-4D6C-A4D6-BA0BB0610F01}.Release|x86.ActiveCfg = Release|Win32
		{01DDE0DE-F152-4D6C-A4D6-BA0BB0610F01}.Release|x86.Build.0 = Release|Win32
		{33572CD5-3EB5-423A-BCFE-ED9F1A1E854D}.Debug|x64.ActiveCfg = Debug|x64
		{33572CD5-3EB5-423A-BCFE-ED9F1A1E854D}.Debug|x64.Build.0 = Debug|x64
		{33572CD5-3EB5-423A-BCFE-ED9F1A1E854D}.Debug|x86.ActiveCfg = Debug|Win32
		{33572CD5-3EB5-423A-BCFE-ED9F1A1E854D}.Debug|x86.Build.0 = Debug|Win32
		{33572CD5-3EB5-423A-BCFE-ED9F1A1E854D}.Release|x64.ActiveCfg = Release|x64
		{33572CD5-3EB5-423A-BCFE-ED9F1A1E854D}.Release|x64.Build.0 = Release|x64
		{33572CD5-3EB5-423A-BCFE-ED9F1A1E854D}.Release|x86.ActiveCfg = Release|Win32
		{33572CD5-3EB5-423A-BCFE-ED9F1A1E854D}.Release|x86.Build.0 = Release|Win32
	EndGlobalSection
	GlobalSection(SolutionProperties) = preSolution
		HideSolutionNode = FALSE
	EndGlobalSection
	GlobalSection(ExtensibilityGlobals) = postSolution
		SolutionGuid = {576F651F-E412-4603-BA86-AA93A5B77090}
	EndGlobalSection
EndGlobal
